
Microsoft Visual Studio Solution File, Format Version 12.00
# Visual Studio Version 16
VisualStudioVersion = 16.0.32126.315
MinimumVisualStudioVersion = 10.0.40219.1
Project("{FAE04EC0-301F-11D3-BF4B-00C04F79EFBC}") = "corssoutChecker", "corssoutChecker\corssoutChecker.csproj", "{816B23B5-8870-4915-B86A-223EA70E5870}"
EndProject
Global
	GlobalSection(SolutionConfigurationPlatforms) = preSolution
		Debug|Any CPU = Debug|Any CPU
		Release|Any CPU = Release|Any CPU
	EndGlobalSection
	GlobalSection(ProjectConfigurationPlatforms) = postSolution
		{816B23B5-8870-4915-B86A-223EA70E5870}.Debug|Any CPU.ActiveCfg = Debug|Any CPU
		{816B23B5-8870-4915-B86A-223EA70E5870}.Debug|Any CPU.Build.0 = Debug|Any CPU
		{816B23B5-8870-4915-B86A-223EA70E5870}.Release|Any CPU.ActiveCfg = Release|Any CPU
		{816B23B5-8870-4915-B86A-223EA70E5870}.Release|Any CPU.Build.0 = Release|Any CPU
	EndGlobalSection
	GlobalSection(SolutionProperties) = preSolution
		HideSolutionNode = FALSE
	EndGlobalSection
	GlobalSection(ExtensibilityGlobals) = postSolution
		SolutionGuid = {ADCAAA99-211F-4C8C-B820-291E4E15AD87}
	EndGlobalSection
EndGlobal
