
Microsoft Visual Studio Solution File, Format Version 12.00
# Visual Studio Version 16
VisualStudioVersion = 16.0.31624.102
MinimumVisualStudioVersion = 10.0.40219.1
Project("{FAE04EC0-301F-11D3-BF4B-00C04F79EFBC}") = "lab12", "lab12\lab12.csproj", "{597578C5-21F1-4520-8F75-22FAF5D39BAE}"
EndProject
Global
	GlobalSection(SolutionConfigurationPlatforms) = preSolution
		Debug|Any CPU = Debug|Any CPU
		Release|Any CPU = Release|Any CPU
	EndGlobalSection
	GlobalSection(ProjectConfigurationPlatforms) = postSolution
		{597578C5-21F1-4520-8F75-22FAF5D39BAE}.Debug|Any CPU.ActiveCfg = Debug|Any CPU
		{597578C5-21F1-4520-8F75-22FAF5D39BAE}.Debug|Any CPU.Build.0 = Debug|Any CPU
		{597578C5-21F1-4520-8F75-22FAF5D39BAE}.Release|Any CPU.ActiveCfg = Release|Any CPU
		{597578C5-21F1-4520-8F75-22FAF5D39BAE}.Release|Any CPU.Build.0 = Release|Any CPU
	EndGlobalSection
	GlobalSection(SolutionProperties) = preSolution
		HideSolutionNode = FALSE
	EndGlobalSection
	GlobalSection(ExtensibilityGlobals) = postSolution
		SolutionGuid = {6D9D230E-8A97-4428-B8CC-B25E1BEE636E}
	EndGlobalSection
EndGlobal
